// !$*UTF8*$!
{
	archiveVersion = 1;
	classes = {
	};
	objectVersion = 56;
	objects = {

/* Begin PBXBuildFile section */
		058557BB273AAA24004C7B11 /* Assets.xcassets in Resources */ = {isa = PBXBuildFile; fileRef = 058557BA273AAA24004C7B11 /* Assets.xcassets */; };
		058557D9273AAEEB004C7B11 /* Preview Assets.xcassets in Resources */ = {isa = PBXBuildFile; fileRef = 058557D8273AAEEB004C7B11 /* Preview Assets.xcassets */; };
		14156DBB2DBB28B800F4E56B /* SignUpView.swift in Sources */ = {isa = PBXBuildFile; fileRef = 14156D9C2DBB28B800F4E56B /* SignUpView.swift */; };
		14156DBC2DBB28B800F4E56B /* EmptyStateView.swift in Sources */ = {isa = PBXBuildFile; fileRef = 14156D9E2DBB28B800F4E56B /* EmptyStateView.swift */; };
		14156DBD2DBB28B800F4E56B /* TabButton.swift in Sources */ = {isa = PBXBuildFile; fileRef = 14156DA42DBB28B800F4E56B /* TabButton.swift */; };
		14156DBE2DBB28B800F4E56B /* SendFriendRequestView.swift in Sources */ = {isa = PBXBuildFile; fileRef = 14156DA32DBB28B800F4E56B /* SendFriendRequestView.swift */; };
		14156DBF2DBB28B800F4E56B /* FriendRow.swift in Sources */ = {isa = PBXBuildFile; fileRef = 14156D9F2DBB28B800F4E56B /* FriendRow.swift */; };
		14156DC02DBB28B800F4E56B /* FriendsView.swift in Sources */ = {isa = PBXBuildFile; fileRef = 14156DB42DBB28B800F4E56B /* FriendsView.swift */; };
		14156DC12DBB28B800F4E56B /* ProfileView.swift in Sources */ = {isa = PBXBuildFile; fileRef = 14156DB82DBB28B800F4E56B /* ProfileView.swift */; };
		14156DC22DBB28B800F4E56B /* PlaceholderRequestRow.swift in Sources */ = {isa = PBXBuildFile; fileRef = 14156DA12DBB28B800F4E56B /* PlaceholderRequestRow.swift */; };
		14156DC32DBB28B800F4E56B /* FriendsListView.swift in Sources */ = {isa = PBXBuildFile; fileRef = 14156DA02DBB28B800F4E56B /* FriendsListView.swift */; };
		14156DC42DBB28B800F4E56B /* AddLocationsView.swift in Sources */ = {isa = PBXBuildFile; fileRef = 14156DB22DBB28B800F4E56B /* AddLocationsView.swift */; };
		14156DC52DBB28B800F4E56B /* HomeView.swift in Sources */ = {isa = PBXBuildFile; fileRef = 14156DB52DBB28B800F4E56B /* HomeView.swift */; };
		14156DC62DBB28B800F4E56B /* MainLayout.swift in Sources */ = {isa = PBXBuildFile; fileRef = 14156DB72DBB28B800F4E56B /* MainLayout.swift */; };
		14156DC72DBB28B800F4E56B /* AwaitingOrders.swift in Sources */ = {isa = PBXBuildFile; fileRef = 14156DB32DBB28B800F4E56B /* AwaitingOrders.swift */; };
		14156DC82DBB28B800F4E56B /* JoinGroupView.swift in Sources */ = {isa = PBXBuildFile; fileRef = 14156DB62DBB28B800F4E56B /* JoinGroupView.swift */; };
		14156DC92DBB28B800F4E56B /* SignInView.swift in Sources */ = {isa = PBXBuildFile; fileRef = 14156D9A2DBB28B800F4E56B /* SignInView.swift */; };
		14156DCA2DBB28B800F4E56B /* LocationSelectRow.swift in Sources */ = {isa = PBXBuildFile; fileRef = 14156DAB2DBB28B800F4E56B /* LocationSelectRow.swift */; };
		14156DCB2DBB28B800F4E56B /* AddFriendsView.swift in Sources */ = {isa = PBXBuildFile; fileRef = 14156DB02DBB28B800F4E56B /* AddFriendsView.swift */; };
		14156DCC2DBB28B800F4E56B /* DisableBackSwipeView.swift in Sources */ = {isa = PBXBuildFile; fileRef = 14156DAE2DBB28B800F4E56B /* DisableBackSwipeView.swift */; };
		14156DCD2DBB28B800F4E56B /* AddGroupView.swift in Sources */ = {isa = PBXBuildFile; fileRef = 14156DB12DBB28B800F4E56B /* AddGroupView.swift */; };
		14156DCE2DBB28B800F4E56B /* FriendSelectRow.swift in Sources */ = {isa = PBXBuildFile; fileRef = 14156DAA2DBB28B800F4E56B /* FriendSelectRow.swift */; };
		14156DCF2DBB28B800F4E56B /* KeyboardResponder.swift in Sources */ = {isa = PBXBuildFile; fileRef = 14156DA62DBB28B800F4E56B /* KeyboardResponder.swift */; };
		14156DD02DBB28B800F4E56B /* SignUpOrSignInView.swift in Sources */ = {isa = PBXBuildFile; fileRef = 14156D9B2DBB28B800F4E56B /* SignUpOrSignInView.swift */; };
		14156DD12DBB28B800F4E56B /* TopBarView.swift in Sources */ = {isa = PBXBuildFile; fileRef = 14156DA82DBB28B800F4E56B /* TopBarView.swift */; };
		14156DD22DBB28B800F4E56B /* RequestsPlaceholderView.swift in Sources */ = {isa = PBXBuildFile; fileRef = 14156DA22DBB28B800F4E56B /* RequestsPlaceholderView.swift */; };
		14156EA22DBB360700F4E56B /* MapValidationErrors.swift in Sources */ = {isa = PBXBuildFile; fileRef = 14156EA12DBB360200F4E56B /* MapValidationErrors.swift */; };
		14BBB4862DBBBAAA00A3C7E9 /* PollingHelper.swift in Sources */ = {isa = PBXBuildFile; fileRef = 14BBB4852DBBBAA600A3C7E9 /* PollingHelper.swift */; };
		14BBB4EF2DBC0EA000A3C7E9 /* SupabaseState.swift in Sources */ = {isa = PBXBuildFile; fileRef = 14BBB4EE2DBC0E9800A3C7E9 /* SupabaseState.swift */; };
		2152FB042600AC8F00CF470E /* iOSApp.swift in Sources */ = {isa = PBXBuildFile; fileRef = 2152FB032600AC8F00CF470E /* iOSApp.swift */; };
		7555FF83242A565900829871 /* ContentView.swift in Sources */ = {isa = PBXBuildFile; fileRef = 7555FF82242A565900829871 /* ContentView.swift */; };
/* End PBXBuildFile section */

/* Begin PBXFileReference section */
		058557BA273AAA24004C7B11 /* Assets.xcassets */ = {isa = PBXFileReference; lastKnownFileType = folder.assetcatalog; path = Assets.xcassets; sourceTree = "<group>"; };
		058557D8273AAEEB004C7B11 /* Preview Assets.xcassets */ = {isa = PBXFileReference; lastKnownFileType = folder.assetcatalog; path = "Preview Assets.xcassets"; sourceTree = "<group>"; };
		14156D9A2DBB28B800F4E56B /* SignInView.swift */ = {isa = PBXFileReference; lastKnownFileType = sourcecode.swift; path = SignInView.swift; sourceTree = "<group>"; };
		14156D9B2DBB28B800F4E56B /* SignUpOrSignInView.swift */ = {isa = PBXFileReference; lastKnownFileType = sourcecode.swift; path = SignUpOrSignInView.swift; sourceTree = "<group>"; };
		14156D9C2DBB28B800F4E56B /* SignUpView.swift */ = {isa = PBXFileReference; lastKnownFileType = sourcecode.swift; path = SignUpView.swift; sourceTree = "<group>"; };
		14156D9E2DBB28B800F4E56B /* EmptyStateView.swift */ = {isa = PBXFileReference; lastKnownFileType = sourcecode.swift; path = EmptyStateView.swift; sourceTree = "<group>"; };
		14156D9F2DBB28B800F4E56B /* FriendRow.swift */ = {isa = PBXFileReference; lastKnownFileType = sourcecode.swift; path = FriendRow.swift; sourceTree = "<group>"; };
		14156DA02DBB28B800F4E56B /* FriendsListView.swift */ = {isa = PBXFileReference; lastKnownFileType = sourcecode.swift; path = FriendsListView.swift; sourceTree = "<group>"; };
		14156DA12DBB28B800F4E56B /* PlaceholderRequestRow.swift */ = {isa = PBXFileReference; lastKnownFileType = sourcecode.swift; path = PlaceholderRequestRow.swift; sourceTree = "<group>"; };
		14156DA22DBB28B800F4E56B /* RequestsPlaceholderView.swift */ = {isa = PBXFileReference; lastKnownFileType = sourcecode.swift; path = RequestsPlaceholderView.swift; sourceTree = "<group>"; };
		14156DA32DBB28B800F4E56B /* SendFriendRequestView.swift */ = {isa = PBXFileReference; lastKnownFileType = sourcecode.swift; path = SendFriendRequestView.swift; sourceTree = "<group>"; };
		14156DA42DBB28B800F4E56B /* TabButton.swift */ = {isa = PBXFileReference; lastKnownFileType = sourcecode.swift; path = TabButton.swift; sourceTree = "<group>"; };
		14156DA62DBB28B800F4E56B /* KeyboardResponder.swift */ = {isa = PBXFileReference; lastKnownFileType = sourcecode.swift; path = KeyboardResponder.swift; sourceTree = "<group>"; };
		14156DA82DBB28B800F4E56B /* TopBarView.swift */ = {isa = PBXFileReference; lastKnownFileType = sourcecode.swift; path = TopBarView.swift; sourceTree = "<group>"; };
		14156DAA2DBB28B800F4E56B /* FriendSelectRow.swift */ = {isa = PBXFileReference; lastKnownFileType = sourcecode.swift; path = FriendSelectRow.swift; sourceTree = "<group>"; };
		14156DAB2DBB28B800F4E56B /* LocationSelectRow.swift */ = {isa = PBXFileReference; lastKnownFileType = sourcecode.swift; path = LocationSelectRow.swift; sourceTree = "<group>"; };
		14156DAE2DBB28B800F4E56B /* DisableBackSwipeView.swift */ = {isa = PBXFileReference; lastKnownFileType = sourcecode.swift; path = DisableBackSwipeView.swift; sourceTree = "<group>"; };
		14156DB02DBB28B800F4E56B /* AddFriendsView.swift */ = {isa = PBXFileReference; lastKnownFileType = sourcecode.swift; path = AddFriendsView.swift; sourceTree = "<group>"; };
		14156DB12DBB28B800F4E56B /* AddGroupView.swift */ = {isa = PBXFileReference; lastKnownFileType = sourcecode.swift; path = AddGroupView.swift; sourceTree = "<group>"; };
		14156DB22DBB28B800F4E56B /* AddLocationsView.swift */ = {isa = PBXFileReference; lastKnownFileType = sourcecode.swift; path = AddLocationsView.swift; sourceTree = "<group>"; };
		14156DB32DBB28B800F4E56B /* AwaitingOrders.swift */ = {isa = PBXFileReference; lastKnownFileType = sourcecode.swift; path = AwaitingOrders.swift; sourceTree = "<group>"; };
		14156DB42DBB28B800F4E56B /* FriendsView.swift */ = {isa = PBXFileReference; lastKnownFileType = sourcecode.swift; path = FriendsView.swift; sourceTree = "<group>"; };
		14156DB52DBB28B800F4E56B /* HomeView.swift */ = {isa = PBXFileReference; lastKnownFileType = sourcecode.swift; path = HomeView.swift; sourceTree = "<group>"; };
		14156DB62DBB28B800F4E56B /* JoinGroupView.swift */ = {isa = PBXFileReference; lastKnownFileType = sourcecode.swift; path = JoinGroupView.swift; sourceTree = "<group>"; };
		14156DB72DBB28B800F4E56B /* MainLayout.swift */ = {isa = PBXFileReference; lastKnownFileType = sourcecode.swift; path = MainLayout.swift; sourceTree = "<group>"; };
		14156DB82DBB28B800F4E56B /* ProfileView.swift */ = {isa = PBXFileReference; lastKnownFileType = sourcecode.swift; path = ProfileView.swift; sourceTree = "<group>"; };
		14156EA12DBB360200F4E56B /* MapValidationErrors.swift */ = {isa = PBXFileReference; lastKnownFileType = sourcecode.swift; path = MapValidationErrors.swift; sourceTree = "<group>"; };
		14BBB4852DBBBAA600A3C7E9 /* PollingHelper.swift */ = {isa = PBXFileReference; lastKnownFileType = sourcecode.swift; path = PollingHelper.swift; sourceTree = "<group>"; };
		14BBB4EE2DBC0E9800A3C7E9 /* SupabaseState.swift */ = {isa = PBXFileReference; lastKnownFileType = sourcecode.swift; path = SupabaseState.swift; sourceTree = "<group>"; };
		2152FB032600AC8F00CF470E /* iOSApp.swift */ = {isa = PBXFileReference; lastKnownFileType = sourcecode.swift; path = iOSApp.swift; sourceTree = "<group>"; };
		7555FF7B242A565900829871 /* BiteRunr.app */ = {isa = PBXFileReference; explicitFileType = wrapper.application; includeInIndex = 0; path = BiteRunr.app; sourceTree = BUILT_PRODUCTS_DIR; };
		7555FF82242A565900829871 /* ContentView.swift */ = {isa = PBXFileReference; lastKnownFileType = sourcecode.swift; path = ContentView.swift; sourceTree = "<group>"; };
		7555FF8C242A565B00829871 /* Info.plist */ = {isa = PBXFileReference; lastKnownFileType = text.plist.xml; path = Info.plist; sourceTree = "<group>"; };
		AB3632DC29227652001CCB65 /* Config.xcconfig */ = {isa = PBXFileReference; fileEncoding = 4; lastKnownFileType = text.xcconfig; path = Config.xcconfig; sourceTree = "<group>"; };
/* End PBXFileReference section */

/* Begin PBXFrameworksBuildPhase section */
		B92378962B6B1156000C7307 /* Frameworks */ = {
			isa = PBXFrameworksBuildPhase;
			buildActionMask = 2147483647;
			files = (
			);
			runOnlyForDeploymentPostprocessing = 0;
		};
/* End PBXFrameworksBuildPhase section */

/* Begin PBXGroup section */
		058557D7273AAEEB004C7B11 /* Preview Content */ = {
			isa = PBXGroup;
			children = (
				058557D8273AAEEB004C7B11 /* Preview Assets.xcassets */,
			);
			path = "Preview Content";
			sourceTree = "<group>";
		};
		14156D9D2DBB28B800F4E56B /* Authentication */ = {
			isa = PBXGroup;
			children = (
				14156D9A2DBB28B800F4E56B /* SignInView.swift */,
				14156D9B2DBB28B800F4E56B /* SignUpOrSignInView.swift */,
				14156D9C2DBB28B800F4E56B /* SignUpView.swift */,
			);
			path = Authentication;
			sourceTree = "<group>";
		};
		14156DA52DBB28B800F4E56B /* Friends */ = {
			isa = PBXGroup;
			children = (
				14156D9E2DBB28B800F4E56B /* EmptyStateView.swift */,
				14156D9F2DBB28B800F4E56B /* FriendRow.swift */,
				14156DA02DBB28B800F4E56B /* FriendsListView.swift */,
				14156DA12DBB28B800F4E56B /* PlaceholderRequestRow.swift */,
				14156DA22DBB28B800F4E56B /* RequestsPlaceholderView.swift */,
				14156DA32DBB28B800F4E56B /* SendFriendRequestView.swift */,
				14156DA42DBB28B800F4E56B /* TabButton.swift */,
			);
			path = Friends;
			sourceTree = "<group>";
		};
		14156DA92DBB28B800F4E56B /* Navigation */ = {
			isa = PBXGroup;
			children = (
				14156DA62DBB28B800F4E56B /* KeyboardResponder.swift */,
				14156DA82DBB28B800F4E56B /* TopBarView.swift */,
			);
			path = Navigation;
			sourceTree = "<group>";
		};
		14156DAC2DBB28B800F4E56B /* Order */ = {
			isa = PBXGroup;
			children = (
				14156DAA2DBB28B800F4E56B /* FriendSelectRow.swift */,
				14156DAB2DBB28B800F4E56B /* LocationSelectRow.swift */,
			);
			path = Order;
			sourceTree = "<group>";
		};
		14156DAD2DBB28B800F4E56B /* Components */ = {
			isa = PBXGroup;
			children = (
				14156DA52DBB28B800F4E56B /* Friends */,
				14156DA92DBB28B800F4E56B /* Navigation */,
				14156DAC2DBB28B800F4E56B /* Order */,
			);
			path = Components;
			sourceTree = "<group>";
		};
		14156DAF2DBB28B800F4E56B /* Helpers */ = {
			isa = PBXGroup;
			children = (
				14BBB4EE2DBC0E9800A3C7E9 /* SupabaseState.swift */,
				14BBB4852DBBBAA600A3C7E9 /* PollingHelper.swift */,
				14156DAE2DBB28B800F4E56B /* DisableBackSwipeView.swift */,
			);
			path = Helpers;
			sourceTree = "<group>";
		};
		14156DB92DBB28B800F4E56B /* Main */ = {
			isa = PBXGroup;
			children = (
				14156DB02DBB28B800F4E56B /* AddFriendsView.swift */,
				14156DB12DBB28B800F4E56B /* AddGroupView.swift */,
				14156DB22DBB28B800F4E56B /* AddLocationsView.swift */,
				14156DB32DBB28B800F4E56B /* AwaitingOrders.swift */,
				14156DB42DBB28B800F4E56B /* FriendsView.swift */,
				14156DB52DBB28B800F4E56B /* HomeView.swift */,
				14156DB62DBB28B800F4E56B /* JoinGroupView.swift */,
				14156DB72DBB28B800F4E56B /* MainLayout.swift */,
				14156DB82DBB28B800F4E56B /* ProfileView.swift */,
			);
			path = Main;
			sourceTree = "<group>";
		};
		14156DBA2DBB28B800F4E56B /* Views */ = {
			isa = PBXGroup;
			children = (
				14156D9D2DBB28B800F4E56B /* Authentication */,
				14156DAD2DBB28B800F4E56B /* Components */,
				14156DAF2DBB28B800F4E56B /* Helpers */,
				14156DB92DBB28B800F4E56B /* Main */,
			);
			path = Views;
			sourceTree = "<group>";
		};
		14156E9E2DBB35D200F4E56B /* ReusableFunctions */ = {
			isa = PBXGroup;
			children = (
				14156EA12DBB360200F4E56B /* MapValidationErrors.swift */,
			);
			path = ReusableFunctions;
			sourceTree = "<group>";
		};
		42799AB246E5F90AF97AA0EF /* Frameworks */ = {
			isa = PBXGroup;
			children = (
			);
			name = Frameworks;
			sourceTree = "<group>";
		};
		7555FF72242A565900829871 = {
			isa = PBXGroup;
			children = (
				AB1DB47929225F7C00F7AF9C /* Configuration */,
				7555FF7D242A565900829871 /* iosApp */,
				7555FF7C242A565900829871 /* Products */,
				42799AB246E5F90AF97AA0EF /* Frameworks */,
			);
			sourceTree = "<group>";
		};
		7555FF7C242A565900829871 /* Products */ = {
			isa = PBXGroup;
			children = (
				7555FF7B242A565900829871 /* BiteRunr.app */,
			);
			name = Products;
			sourceTree = "<group>";
		};
		7555FF7D242A565900829871 /* iosApp */ = {
			isa = PBXGroup;
			children = (
				14156E9E2DBB35D200F4E56B /* ReusableFunctions */,
				14156DBA2DBB28B800F4E56B /* Views */,
				058557BA273AAA24004C7B11 /* Assets.xcassets */,
				7555FF82242A565900829871 /* ContentView.swift */,
				7555FF8C242A565B00829871 /* Info.plist */,
				2152FB032600AC8F00CF470E /* iOSApp.swift */,
				058557D7273AAEEB004C7B11 /* Preview Content */,
			);
			path = iosApp;
			sourceTree = "<group>";
		};
		AB1DB47929225F7C00F7AF9C /* Configuration */ = {
			isa = PBXGroup;
			children = (
				AB3632DC29227652001CCB65 /* Config.xcconfig */,
			);
			path = Configuration;
			sourceTree = "<group>";
		};
/* End PBXGroup section */

/* Begin PBXNativeTarget section */
		7555FF7A242A565900829871 /* iosApp */ = {
			isa = PBXNativeTarget;
			buildConfigurationList = 7555FFA5242A565B00829871 /* Build configuration list for PBXNativeTarget "iosApp" */;
			buildPhases = (
				F36B1CEA2AD836FC00CB74D5 /* Compile Kotlin Framework */,
				14BBB4F02DBC654700A3C7E9 /* Run Script */,
				7555FF77242A565900829871 /* Sources */,
				B92378962B6B1156000C7307 /* Frameworks */,
				7555FF79242A565900829871 /* Resources */,
			);
			buildRules = (
			);
			dependencies = (
			);
			name = iosApp;
			packageProductDependencies = (
			);
			productName = iosApp;
			productReference = 7555FF7B242A565900829871 /* BiteRunr.app */;
			productType = "com.apple.product-type.application";
		};
/* End PBXNativeTarget section */

/* Begin PBXProject section */
		7555FF73242A565900829871 /* Project object */ = {
			isa = PBXProject;
			attributes = {
				BuildIndependentTargetsInParallel = YES;
				LastSwiftUpdateCheck = 1130;
				LastUpgradeCheck = 1540;
				ORGANIZATIONNAME = orgName;
				TargetAttributes = {
					7555FF7A242A565900829871 = {
						CreatedOnToolsVersion = 11.3.1;
					};
				};
			};
			buildConfigurationList = 7555FF76242A565900829871 /* Build configuration list for PBXProject "iosApp" */;
			compatibilityVersion = "Xcode 14.0";
			developmentRegion = en;
			hasScannedForEncodings = 0;
			knownRegions = (
				en,
				Base,
			);
			mainGroup = 7555FF72242A565900829871;
			packageReferences = (
			);
			productRefGroup = 7555FF7C242A565900829871 /* Products */;
			projectDirPath = "";
			projectRoot = "";
			targets = (
				7555FF7A242A565900829871 /* iosApp */,
			);
		};
/* End PBXProject section */

/* Begin PBXResourcesBuildPhase section */
		7555FF79242A565900829871 /* Resources */ = {
			isa = PBXResourcesBuildPhase;
			buildActionMask = 2147483647;
			files = (
				058557D9273AAEEB004C7B11 /* Preview Assets.xcassets in Resources */,
				058557BB273AAA24004C7B11 /* Assets.xcassets in Resources */,
			);
			runOnlyForDeploymentPostprocessing = 0;
		};
/* End PBXResourcesBuildPhase section */

/* Begin PBXShellScriptBuildPhase section */
		14BBB4F02DBC654700A3C7E9 /* Run Script */ = {
			isa = PBXShellScriptBuildPhase;
			buildActionMask = 2147483647;
			files = (
			);
			inputFileListPaths = (
			);
			inputPaths = (
			);
			name = "Run Script";
			outputFileListPaths = (
			);
			outputPaths = (
			);
			runOnlyForDeploymentPostprocessing = 0;
			shellPath = /bin/sh;
			shellScript = "cd \"$SRCROOT/..\"\n./gradlew :shared:embedAndSignAppleFrameworkForXcode\n";
		};
		F36B1CEA2AD836FC00CB74D5 /* Compile Kotlin Framework */ = {
			isa = PBXShellScriptBuildPhase;
			buildActionMask = 2147483647;
			files = (
			);
			inputFileListPaths = (
			);
			inputPaths = (
			);
			name = "Compile Kotlin Framework";
			outputFileListPaths = (
			);
			outputPaths = (
			);
			runOnlyForDeploymentPostprocessing = 0;
			shellPath = /bin/sh;
			shellScript = "if [ \"YES\" = \"$OVERRIDE_KOTLIN_BUILD_IDE_SUPPORTED\" ]; then\n  echo \"Skipping Gradle build task invocation due to OVERRIDE_KOTLIN_BUILD_IDE_SUPPORTED environment variable set to \\\"YES\\\"\"\n  exit 0\nfi\ncd \"$SRCROOT/..\"\n./gradlew :shared:embedAndSignAppleFrameworkForXcode\n";
		};
/* End PBXShellScriptBuildPhase section */

/* Begin PBXSourcesBuildPhase section */
		7555FF77242A565900829871 /* Sources */ = {
			isa = PBXSourcesBuildPhase;
			buildActionMask = 2147483647;
			files = (
				2152FB042600AC8F00CF470E /* iOSApp.swift in Sources */,
				14156DBB2DBB28B800F4E56B /* SignUpView.swift in Sources */,
				14156DBC2DBB28B800F4E56B /* EmptyStateView.swift in Sources */,
				14BBB4862DBBBAAA00A3C7E9 /* PollingHelper.swift in Sources */,
				14156DBD2DBB28B800F4E56B /* TabButton.swift in Sources */,
				14156DBE2DBB28B800F4E56B /* SendFriendRequestView.swift in Sources */,
				14156DBF2DBB28B800F4E56B /* FriendRow.swift in Sources */,
				14156DC02DBB28B800F4E56B /* FriendsView.swift in Sources */,
				14156DC12DBB28B800F4E56B /* ProfileView.swift in Sources */,
				14156DC22DBB28B800F4E56B /* PlaceholderRequestRow.swift in Sources */,
				14156DC32DBB28B800F4E56B /* FriendsListView.swift in Sources */,
				14156DC42DBB28B800F4E56B /* AddLocationsView.swift in Sources */,
				14156DC52DBB28B800F4E56B /* HomeView.swift in Sources */,
				14156DC62DBB28B800F4E56B /* MainLayout.swift in Sources */,
				14156DC72DBB28B800F4E56B /* AwaitingOrders.swift in Sources */,
				14156DC82DBB28B800F4E56B /* JoinGroupView.swift in Sources */,
				14156DC92DBB28B800F4E56B /* SignInView.swift in Sources */,
				14156DCA2DBB28B800F4E56B /* LocationSelectRow.swift in Sources */,
				14156DCB2DBB28B800F4E56B /* AddFriendsView.swift in Sources */,
				14156DCC2DBB28B800F4E56B /* DisableBackSwipeView.swift in Sources */,
				14156DCD2DBB28B800F4E56B /* AddGroupView.swift in Sources */,
				14156DCE2DBB28B800F4E56B /* FriendSelectRow.swift in Sources */,
				14156DCF2DBB28B800F4E56B /* KeyboardResponder.swift in Sources */,
				14156DD02DBB28B800F4E56B /* SignUpOrSignInView.swift in Sources */,
				14BBB4EF2DBC0EA000A3C7E9 /* SupabaseState.swift in Sources */,
				14156DD12DBB28B800F4E56B /* TopBarView.swift in Sources */,
				14156DD22DBB28B800F4E56B /* RequestsPlaceholderView.swift in Sources */,
				14156EA22DBB360700F4E56B /* MapValidationErrors.swift in Sources */,
				7555FF83242A565900829871 /* ContentView.swift in Sources */,
			);
			runOnlyForDeploymentPostprocessing = 0;
		};
/* End PBXSourcesBuildPhase section */

/* Begin XCBuildConfiguration section */
		7555FFA3242A565B00829871 /* Debug */ = {
			isa = XCBuildConfiguration;
			baseConfigurationReference = AB3632DC29227652001CCB65 /* Config.xcconfig */;
			buildSettings = {
				ALWAYS_SEARCH_USER_PATHS = NO;
				CLANG_ANALYZER_NONNULL = YES;
				CLANG_ANALYZER_NUMBER_OBJECT_CONVERSION = YES_AGGRESSIVE;
				CLANG_CXX_LANGUAGE_STANDARD = "gnu++14";
				CLANG_CXX_LIBRARY = "libc++";
				CLANG_ENABLE_MODULES = YES;
				CLANG_ENABLE_OBJC_ARC = YES;
				CLANG_ENABLE_OBJC_WEAK = YES;
				CLANG_WARN_BLOCK_CAPTURE_AUTORELEASING = YES;
				CLANG_WARN_BOOL_CONVERSION = YES;
				CLANG_WARN_COMMA = YES;
				CLANG_WARN_CONSTANT_CONVERSION = YES;
				CLANG_WARN_DEPRECATED_OBJC_IMPLEMENTATIONS = YES;
				CLANG_WARN_DIRECT_OBJC_ISA_USAGE = YES_ERROR;
				CLANG_WARN_DOCUMENTATION_COMMENTS = YES;
				CLANG_WARN_EMPTY_BODY = YES;
				CLANG_WARN_ENUM_CONVERSION = YES;
				CLANG_WARN_INFINITE_RECURSION = YES;
				CLANG_WARN_INT_CONVERSION = YES;
				CLANG_WARN_NON_LITERAL_NULL_CONVERSION = YES;
				CLANG_WARN_OBJC_IMPLICIT_RETAIN_SELF = YES;
				CLANG_WARN_OBJC_LITERAL_CONVERSION = YES;
				CLANG_WARN_OBJC_ROOT_CLASS = YES_ERROR;
				CLANG_WARN_QUOTED_INCLUDE_IN_FRAMEWORK_HEADER = YES;
				CLANG_WARN_RANGE_LOOP_ANALYSIS = YES;
				CLANG_WARN_STRICT_PROTOTYPES = YES;
				CLANG_WARN_SUSPICIOUS_MOVE = YES;
				CLANG_WARN_UNGUARDED_AVAILABILITY = YES_AGGRESSIVE;
				CLANG_WARN_UNREACHABLE_CODE = YES;
				CLANG_WARN__DUPLICATE_METHOD_MATCH = YES;
				COPY_PHASE_STRIP = NO;
				DEBUG_INFORMATION_FORMAT = "dwarf-with-dsym";
				ENABLE_STRICT_OBJC_MSGSEND = YES;
				ENABLE_TESTABILITY = YES;
				ENABLE_USER_SCRIPT_SANDBOXING = NO;
				GCC_C_LANGUAGE_STANDARD = gnu11;
				GCC_DYNAMIC_NO_PIC = NO;
				GCC_NO_COMMON_BLOCKS = YES;
				GCC_OPTIMIZATION_LEVEL = 0;
				GCC_PREPROCESSOR_DEFINITIONS = (
					"DEBUG=1",
					"$(inherited)",
				);
				GCC_WARN_64_TO_32_BIT_CONVERSION = YES;
				GCC_WARN_ABOUT_RETURN_TYPE = YES_ERROR;
				GCC_WARN_UNDECLARED_SELECTOR = YES;
				GCC_WARN_UNINITIALIZED_AUTOS = YES_AGGRESSIVE;
				GCC_WARN_UNUSED_FUNCTION = YES;
				GCC_WARN_UNUSED_VARIABLE = YES;
				IPHONEOS_DEPLOYMENT_TARGET = 15.3;
				MTL_ENABLE_DEBUG_INFO = INCLUDE_SOURCE;
				MTL_FAST_MATH = YES;
				ONLY_ACTIVE_ARCH = YES;
				SDKROOT = iphoneos;
				SWIFT_ACTIVE_COMPILATION_CONDITIONS = DEBUG;
				SWIFT_OPTIMIZATION_LEVEL = "-Onone";
			};
			name = Debug;
		};
		7555FFA4242A565B00829871 /* Release */ = {
			isa = XCBuildConfiguration;
			baseConfigurationReference = AB3632DC29227652001CCB65 /* Config.xcconfig */;
			buildSettings = {
				ALWAYS_SEARCH_USER_PATHS = NO;
				CLANG_ANALYZER_NONNULL = YES;
				CLANG_ANALYZER_NUMBER_OBJECT_CONVERSION = YES_AGGRESSIVE;
				CLANG_CXX_LANGUAGE_STANDARD = "gnu++14";
				CLANG_CXX_LIBRARY = "libc++";
				CLANG_ENABLE_MODULES = YES;
				CLANG_ENABLE_OBJC_ARC = YES;
				CLANG_ENABLE_OBJC_WEAK = YES;
				CLANG_WARN_BLOCK_CAPTURE_AUTORELEASING = YES;
				CLANG_WARN_BOOL_CONVERSION = YES;
				CLANG_WARN_COMMA = YES;
				CLANG_WARN_CONSTANT_CONVERSION = YES;
				CLANG_WARN_DEPRECATED_OBJC_IMPLEMENTATIONS = YES;
				CLANG_WARN_DIRECT_OBJC_ISA_USAGE = YES_ERROR;
				CLANG_WARN_DOCUMENTATION_COMMENTS = YES;
				CLANG_WARN_EMPTY_BODY = YES;
				CLANG_WARN_ENUM_CONVERSION = YES;
				CLANG_WARN_INFINITE_RECURSION = YES;
				CLANG_WARN_INT_CONVERSION = YES;
				CLANG_WARN_NON_LITERAL_NULL_CONVERSION = YES;
				CLANG_WARN_OBJC_IMPLICIT_RETAIN_SELF = YES;
				CLANG_WARN_OBJC_LITERAL_CONVERSION = YES;
				CLANG_WARN_OBJC_ROOT_CLASS = YES_ERROR;
				CLANG_WARN_QUOTED_INCLUDE_IN_FRAMEWORK_HEADER = YES;
				CLANG_WARN_RANGE_LOOP_ANALYSIS = YES;
				CLANG_WARN_STRICT_PROTOTYPES = YES;
				CLANG_WARN_SUSPICIOUS_MOVE = YES;
				CLANG_WARN_UNGUARDED_AVAILABILITY = YES_AGGRESSIVE;
				CLANG_WARN_UNREACHABLE_CODE = YES;
				CLANG_WARN__DUPLICATE_METHOD_MATCH = YES;
				COPY_PHASE_STRIP = NO;
				DEBUG_INFORMATION_FORMAT = "dwarf-with-dsym";
				ENABLE_NS_ASSERTIONS = NO;
				ENABLE_STRICT_OBJC_MSGSEND = YES;
				ENABLE_USER_SCRIPT_SANDBOXING = NO;
				GCC_C_LANGUAGE_STANDARD = gnu11;
				GCC_NO_COMMON_BLOCKS = YES;
				GCC_WARN_64_TO_32_BIT_CONVERSION = YES;
				GCC_WARN_ABOUT_RETURN_TYPE = YES_ERROR;
				GCC_WARN_UNDECLARED_SELECTOR = YES;
				GCC_WARN_UNINITIALIZED_AUTOS = YES_AGGRESSIVE;
				GCC_WARN_UNUSED_FUNCTION = YES;
				GCC_WARN_UNUSED_VARIABLE = YES;
				IPHONEOS_DEPLOYMENT_TARGET = 15.3;
				MTL_ENABLE_DEBUG_INFO = NO;
				MTL_FAST_MATH = YES;
				SDKROOT = iphoneos;
				SWIFT_COMPILATION_MODE = wholemodule;
				SWIFT_OPTIMIZATION_LEVEL = "-O";
				VALIDATE_PRODUCT = YES;
			};
			name = Release;
		};
		7555FFA6242A565B00829871 /* Debug */ = {
			isa = XCBuildConfiguration;
			buildSettings = {
				ASSETCATALOG_COMPILER_APPICON_NAME = AppIcon;
				CODE_SIGN_IDENTITY = "Apple Development";
				CODE_SIGN_STYLE = Automatic;
				DEVELOPMENT_ASSET_PATHS = "\"iosApp/Preview Content\"";
				DEVELOPMENT_TEAM = 6K8R8337BL;
				ENABLE_PREVIEWS = YES;
				FRAMEWORK_SEARCH_PATHS = (
					"$(inherited)",
					"$(SRCROOT)/../shared/build/xcode-frameworks/$(CONFIGURATION)/$(SDK_NAME)",
				);
				INFOPLIST_FILE = iosApp/Info.plist;
				IPHONEOS_DEPLOYMENT_TARGET = 18.0;
				LD_RUNPATH_SEARCH_PATHS = (
					"$(inherited)",
					"@executable_path/Frameworks",
				);
				PRODUCT_BUNDLE_IDENTIFIER = com.RunrStudios.BiteRunrKMP;
				PRODUCT_NAME = "${APP_NAME}";
				PROVISIONING_PROFILE_SPECIFIER = "";
				SWIFT_VERSION = 5.0;
				TARGETED_DEVICE_FAMILY = "1,2";
			};
			name = Debug;
		};
		7555FFA7242A565B00829871 /* Release */ = {
			isa = XCBuildConfiguration;
			buildSettings = {
				ASSETCATALOG_COMPILER_APPICON_NAME = AppIcon;
				CODE_SIGN_IDENTITY = "Apple Development";
				CODE_SIGN_STYLE = Automatic;
				DEVELOPMENT_ASSET_PATHS = "\"iosApp/Preview Content\"";
				DEVELOPMENT_TEAM = 6K8R8337BL;
				ENABLE_PREVIEWS = YES;
				FRAMEWORK_SEARCH_PATHS = (
					"$(inherited)",
					"$(SRCROOT)/../shared/build/xcode-frameworks/$(CONFIGURATION)/$(SDK_NAME)",
				);
				INFOPLIST_FILE = iosApp/Info.plist;
				IPHONEOS_DEPLOYMENT_TARGET = 18.0;
				LD_RUNPATH_SEARCH_PATHS = (
					"$(inherited)",
					"@executable_path/Frameworks",
				);
				PRODUCT_BUNDLE_IDENTIFIER = com.RunrStudios.BiteRunrKMP;
				PRODUCT_NAME = "${APP_NAME}";
				PROVISIONING_PROFILE_SPECIFIER = "";
				SWIFT_VERSION = 5.0;
				TARGETED_DEVICE_FAMILY = "1,2";
			};
			name = Release;
		};
/* End XCBuildConfiguration section */

/* Begin XCConfigurationList section */
		7555FF76242A565900829871 /* Build configuration list for PBXProject "iosApp" */ = {
			isa = XCConfigurationList;
			buildConfigurations = (
				7555FFA3242A565B00829871 /* Debug */,
				7555FFA4242A565B00829871 /* Release */,
			);
			defaultConfigurationIsVisible = 0;
			defaultConfigurationName = Release;
		};
		7555FFA5242A565B00829871 /* Build configuration list for PBXNativeTarget "iosApp" */ = {
			isa = XCConfigurationList;
			buildConfigurations = (
				7555FFA6242A565B00829871 /* Debug */,
				7555FFA7242A565B00829871 /* Release */,
			);
			defaultConfigurationIsVisible = 0;
			defaultConfigurationName = Release;
		};
/* End XCConfigurationList section */
	};
	rootObject = 7555FF73242A565900829871 /* Project object */;
}
